
Microsoft Visual Studio Solution File, Format Version 12.00
# Visual Studio Version 17
VisualStudioVersion = 17.0.32014.148
MinimumVisualStudioVersion = 10.0.40219.1
Project("{FAE04EC0-301F-11D3-BF4B-00C04F79EFBC}") = "NeuronProject", "NeuronProject\NeuronProject.csproj", "{8B32964B-96A3-495A-A997-7345C21B7542}"
EndProject
Project("{FAE04EC0-301F-11D3-BF4B-00C04F79EFBC}") = "NeuronProjectTests", "NeuronProjectTests\NeuronProjectTests.csproj", "{02009B0B-6310-47B3-B8D8-8A5A8257C68F}"
EndProject
Project("{FAE04EC0-301F-11D3-BF4B-00C04F79EFBC}") = "MedicalSystem", "MedicalSystem\MedicalSystem.csproj", "{8C3CD02F-7585-499F-85B6-7FE5C6949D83}"
EndProject
Global
	GlobalSection(SolutionConfigurationPlatforms) = preSolution
		Debug|Any CPU = Debug|Any CPU
		Release|Any CPU = Release|Any CPU
	EndGlobalSection
	GlobalSection(ProjectConfigurationPlatforms) = postSolution
		{8B32964B-96A3-495A-A997-7345C21B7542}.Debug|Any CPU.ActiveCfg = Debug|Any CPU
		{8B32964B-96A3-495A-A997-7345C21B7542}.Debug|Any CPU.Build.0 = Debug|Any CPU
		{8B32964B-96A3-495A-A997-7345C21B7542}.Release|Any CPU.ActiveCfg = Release|Any CPU
		{8B32964B-96A3-495A-A997-7345C21B7542}.Release|Any CPU.Build.0 = Release|Any CPU
		{02009B0B-6310-47B3-B8D8-8A5A8257C68F}.Debug|Any CPU.ActiveCfg = Debug|Any CPU
		{02009B0B-6310-47B3-B8D8-8A5A8257C68F}.Debug|Any CPU.Build.0 = Debug|Any CPU
		{02009B0B-6310-47B3-B8D8-8A5A8257C68F}.Release|Any CPU.ActiveCfg = Release|Any CPU
		{02009B0B-6310-47B3-B8D8-8A5A8257C68F}.Release|Any CPU.Build.0 = Release|Any CPU
		{8C3CD02F-7585-499F-85B6-7FE5C6949D83}.Debug|Any CPU.ActiveCfg = Debug|Any CPU
		{8C3CD02F-7585-499F-85B6-7FE5C6949D83}.Debug|Any CPU.Build.0 = Debug|Any CPU
		{8C3CD02F-7585-499F-85B6-7FE5C6949D83}.Release|Any CPU.ActiveCfg = Release|Any CPU
		{8C3CD02F-7585-499F-85B6-7FE5C6949D83}.Release|Any CPU.Build.0 = Release|Any CPU
	EndGlobalSection
	GlobalSection(SolutionProperties) = preSolution
		HideSolutionNode = FALSE
	EndGlobalSection
	GlobalSection(ExtensibilityGlobals) = postSolution
		SolutionGuid = {01AD68F0-8729-4019-BC62-30867685B2D3}
	EndGlobalSection
EndGlobal
